{
  "dependencies": {
    "apn": {
      "version": "1.4.3",
      "dependencies": {
        "q": {
          "version": "0.9.7"
        }
      }
    },
    "facebook-node-sdk": {
      "version": "0.2.0"
    },
    "markdown": {
      "version": "0.5.0",
      "dependencies": {
        "nopt": {
          "version": "2.1.2",
          "dependencies": {
            "abbrev": {
              "version": "1.0.5"
            }
          }
        }
      }
    },
    "node-xmpp": {
      "version": "0.12.2",
      "dependencies": {
        "node-expat": {
          "version": "2.3.2",
          "dependencies": {
            "bindings": {
              "version": "1.2.1"
            },
            "nan": {
              "version": "1.3.0"
            }
          }
        },
        "ltx": {
          "version": "0.7.0",
          "dependencies": {
            "sax": {
              "version": "0.6.1"
            }
          }
        },
        "request": {
          "version": "2.47.0",
          "dependencies": {
            "bl": {
              "version": "0.9.3",
              "dependencies": {
                "readable-stream": {
                  "version": "1.0.33",
                  "dependencies": {
                    "core-util-is": {
                      "version": "1.0.1"
                    },
                    "isarray": {
                      "version": "0.0.1"
                    },
                    "string_decoder": {
                      "version": "0.10.31"
                    },
                    "inherits": {
                      "version": "2.0.1"
                    }
                  }
                }
              }
            },
            "caseless": {
              "version": "0.6.0"
            },
            "forever-agent": {
              "version": "0.5.2"
            },
            "form-data": {
              "version": "0.1.4",
              "dependencies": {
                "mime": {
                  "version": "1.2.11"
                },
                "async": {
                  "version": "0.9.0"
                }
              }
            },
            "json-stringify-safe": {
              "version": "5.0.0"
            },
            "mime-types": {
              "version": "1.0.2"
            },
            "node-uuid": {
              "version": "1.4.1"
            },
            "qs": {
              "version": "2.3.2"
            },
            "tunnel-agent": {
              "version": "0.4.0"
            },
            "tough-cookie": {
              "version": "0.12.1",
              "dependencies": {
                "punycode": {
                  "version": "1.3.2"
                }
              }
            },
            "http-signature": {
              "version": "0.10.0",
              "dependencies": {
                "assert-plus": {
                  "version": "0.1.2"
                },
                "asn1": {
                  "version": "0.1.11"
                },
                "ctype": {
                  "version": "0.5.2"
                }
              }
            },
            "oauth-sign": {
              "version": "0.4.0"
            },
            "hawk": {
              "version": "1.1.1",
              "dependencies": {
                "hoek": {
                  "version": "0.9.1"
                },
                "boom": {
                  "version": "0.4.2"
                },
                "cryptiles": {
                  "version": "0.2.2"
                },
                "sntp": {
                  "version": "0.2.4"
                }
              }
            },
            "aws-sign2": {
              "version": "0.5.0"
            },
            "stringstream": {
              "version": "0.0.4"
            },
            "combined-stream": {
              "version": "0.0.7",
              "dependencies": {
                "delayed-stream": {
                  "version": "0.0.5"
                }
              }
            }
          }
        },
        "browser-request": {
          "version": "0.3.2"
        },
        "faye-websocket": {
          "version": "0.7.3",
          "dependencies": {
            "websocket-driver": {
              "version": "0.3.6"
            }
          }
        },
        "browserify": {
          "version": "3.19.1",
          "dependencies": {
            "module-deps": {
              "version": "1.2.2",
              "dependencies": {
                "resolve": {
                  "version": "0.6.3"
                },
                "detective": {
                  "version": "2.1.2",
                  "dependencies": {
                    "esprima": {
                      "version": "1.0.2"
                    },
                    "escodegen": {
                      "version": "0.0.15",
                      "dependencies": {
                        "source-map": {
                          "version": "0.1.40",
                          "dependencies": {
                            "amdefine": {
                              "version": "0.1.0"
                            }
                          }
                        }
                      }
                    }
                  }
                },
                "parents": {
                  "version": "0.0.2"
                }
              }
            },
            "browser-pack": {
              "version": "2.0.1",
              "dependencies": {
                "JSONStream": {
                  "version": "0.6.4",
                  "dependencies": {
                    "jsonparse": {
                      "version": "0.0.5"
                    },
                    "through": {
                      "version": "2.2.7"
                    }
                  }
                },
                "combine-source-map": {
                  "version": "0.3.0",
                  "dependencies": {
                    "inline-source-map": {
                      "version": "0.3.0"
                    },
                    "convert-source-map": {
                      "version": "0.3.5"
                    },
                    "source-map": {
                      "version": "0.1.40",
                      "dependencies": {
                        "amdefine": {
                          "version": "0.1.0"
                        }
                      }
                    }
                  }
                }
              }
            },
            "deps-sort": {
              "version": "0.1.2",
              "dependencies": {
                "JSONStream": {
                  "version": "0.6.4",
                  "dependencies": {
                    "jsonparse": {
                      "version": "0.0.5"
                    },
                    "through": {
                      "version": "2.2.7"
                    }
                  }
                }
              }
            },
            "shell-quote": {
              "version": "0.0.1"
            },
            "through": {
              "version": "2.3.6"
            },
            "duplexer": {
              "version": "0.1.1"
            },
            "stream-combiner": {
              "version": "0.0.4"
            },
            "concat-stream": {
              "version": "1.4.6",
              "dependencies": {
                "typedarray": {
                  "version": "0.0.6"
                },
                "readable-stream": {
                  "version": "1.1.13",
                  "dependencies": {
                    "core-util-is": {
                      "version": "1.0.1"
                    },
                    "isarray": {
                      "version": "0.0.1"
                    },
                    "string_decoder": {
                      "version": "0.10.31"
                    }
                  }
                }
              }
            },
            "insert-module-globals": {
              "version": "2.3.4",
              "dependencies": {
                "commondir": {
                  "version": "0.0.1"
                },
                "lexical-scope": {
                  "version": "0.0.15",
                  "dependencies": {
                    "astw": {
                      "version": "0.0.0",
                      "dependencies": {
                        "esprima": {
                          "version": "1.0.2"
                        }
                      }
                    }
                  }
                },
                "process": {
                  "version": "0.5.2"
                },
                "browserify": {
                  "version": "3.24.13",
                  "dependencies": {
                    "module-deps": {
                      "version": "1.4.2",
                      "dependencies": {
                        "resolve": {
                          "version": "0.6.3"
                        },
                        "parents": {
                          "version": "0.0.2"
                        },
                        "mine": {
                          "version": "0.0.2"
                        }
                      }
                    },
                    "insert-module-globals": {
                      "version": "3.1.3",
                      "dependencies": {
                        "lexical-scope": {
                          "version": "0.1.0",
                          "dependencies": {
                            "astw": {
                              "version": "0.1.0",
                              "dependencies": {
                                "esprima-six": {
                                  "version": "0.0.3"
                                }
                              }
                            }
                          }
                        }
                      }
                    },
                    "syntax-error": {
                      "version": "0.1.0",
                      "dependencies": {
                        "esprima-six": {
                          "version": "0.0.3"
                        }
                      }
                    },
                    "derequire": {
                      "version": "0.6.1",
                      "dependencies": {
                        "estraverse": {
                          "version": "1.5.1"
                        },
                        "esprima-six": {
                          "version": "0.0.3"
                        },
                        "esrefactor": {
                          "version": "0.1.0",
                          "dependencies": {
                            "esprima": {
                              "version": "1.0.4"
                            },
                            "estraverse": {
                              "version": "0.0.4"
                            },
                            "escope": {
                              "version": "0.0.16"
                            }
                          }
                        }
                      }
                    },
                    "shallow-copy": {
                      "version": "0.0.1"
                    }
                  }
                }
              }
            },
            "syntax-error": {
              "version": "0.0.1",
              "dependencies": {
                "esprima": {
                  "version": "0.9.9"
                }
              }
            },
            "browser-resolve": {
              "version": "1.2.4",
              "dependencies": {
                "resolve": {
                  "version": "0.6.3"
                }
              }
            },
            "inherits": {
              "version": "2.0.1"
            },
            "JSONStream": {
              "version": "0.7.4",
              "dependencies": {
                "jsonparse": {
                  "version": "0.0.5"
                }
              }
            },
            "umd": {
              "version": "2.0.0",
              "dependencies": {
                "rfile": {
                  "version": "1.0.0",
                  "dependencies": {
                    "callsite": {
                      "version": "1.0.0"
                    },
                    "resolve": {
                      "version": "0.3.1"
                    }
                  }
                },
                "ruglify": {
                  "version": "1.0.0",
                  "dependencies": {
                    "uglify-js": {
                      "version": "2.2.5",
                      "dependencies": {
                        "source-map": {
                          "version": "0.1.40",
                          "dependencies": {
                            "amdefine": {
                              "version": "0.1.0"
                            }
                          }
                        },
                        "optimist": {
                          "version": "0.3.7",
                          "dependencies": {
                            "wordwrap": {
                              "version": "0.0.2"
                            }
                          }
                        }
                      }
                    }
                  }
                },
                "uglify-js": {
                  "version": "2.4.15",
                  "dependencies": {
                    "async": {
                      "version": "0.2.10"
                    },
                    "source-map": {
                      "version": "0.1.34",
                      "dependencies": {
                        "amdefine": {
                          "version": "0.1.0"
                        }
                      }
                    },
                    "optimist": {
                      "version": "0.3.7",
                      "dependencies": {
                        "wordwrap": {
                          "version": "0.0.2"
                        }
                      }
                    },
                    "uglify-to-browserify": {
                      "version": "1.0.2"
                    }
                  }
                }
              }
            },
            "parents": {
              "version": "0.0.3",
              "dependencies": {
                "path-platform": {
                  "version": "0.0.1"
                }
              }
            },
            "deep-equal": {
              "version": "0.1.2"
            },
            "constants-browserify": {
              "version": "0.0.1"
            },
            "os-browserify": {
              "version": "0.1.2"
            },
            "console-browserify": {
              "version": "1.0.3"
            },
            "vm-browserify": {
              "version": "0.0.4",
              "dependencies": {
                "indexof": {
                  "version": "0.0.1"
                }
              }
            },
            "zlib-browserify": {
              "version": "0.0.3",
              "dependencies": {
                "tape": {
                  "version": "0.2.2",
                  "dependencies": {
                    "jsonify": {
                      "version": "0.0.0"
                    },
                    "deep-equal": {
                      "version": "0.0.0"
                    }
                  }
                }
              }
            },
            "assert": {
              "version": "1.1.2"
            },
            "http-browserify": {
              "version": "1.1.0",
              "dependencies": {
                "Base64": {
                  "version": "0.2.1"
                }
              }
            },
            "crypto-browserify": {
              "version": "1.0.9"
            },
            "util": {
              "version": "0.10.3"
            },
            "events": {
              "version": "1.0.2"
            },
            "native-buffer-browserify": {
              "version": "2.0.17",
              "dependencies": {
                "base64-js": {
                  "version": "0.0.7"
                },
                "ieee754": {
                  "version": "1.1.4"
                }
              }
            },
            "url": {
              "version": "0.7.9",
              "dependencies": {
                "querystring": {
                  "version": "0.1.0"
                },
                "punycode": {
                  "version": "1.0.0"
                }
              }
            },
            "https-browserify": {
              "version": "0.0.0"
            },
            "path-browserify": {
              "version": "0.0.0"
            },
            "querystring": {
              "version": "https://github.com/substack/querystring/archive/0.2.0-ie8.tar.gz"
            },
            "stream-browserify": {
              "version": "0.1.3",
              "dependencies": {
                "process": {
                  "version": "0.5.2"
                }
              }
            },
            "string_decoder": {
              "version": "0.0.1"
            },
            "tty-browserify": {
              "version": "0.0.0"
            },
            "timers-browserify": {
              "version": "1.0.3",
              "dependencies": {
                "process": {
                  "version": "0.5.2"
                }
              }
            },
            "punycode": {
              "version": "1.2.4"
            },
            "defined": {
              "version": "0.0.0"
            },
            "domain-browser": {
              "version": "1.1.3"
            },
            "minimist": {
              "version": "0.0.10"
            }
          }
        },
        "brfs": {
          "version": "0.0.8",
          "dependencies": {
            "through": {
              "version": "2.2.7"
            },
            "falafel": {
              "version": "0.1.6",
              "dependencies": {
                "esprima": {
                  "version": "1.0.4"
                }
              }
            },
            "escodegen": {
              "version": "0.0.17",
              "dependencies": {
                "esprima": {
                  "version": "1.0.4"
                },
                "estraverse": {
                  "version": "0.0.4"
                },
                "source-map": {
                  "version": "0.1.40",
                  "dependencies": {
                    "amdefine": {
                      "version": "0.1.0"
                    }
                  }
                }
              }
            }
          }
        },
        "node-xmpp-component": {
          "version": "0.1.1",
          "dependencies": {
            "ltx": {
              "version": "0.3.4",
              "dependencies": {
                "sax": {
                  "version": "0.6.1"
                },
                "node-expat": {
                  "version": "2.1.4",
                  "dependencies": {
                    "nan": {
                      "version": "0.6.0"
                    }
                  }
                }
              }
            },
            "node-xmpp-core": {
              "version": "0.2.3"
            }
          }
        },
        "node-xmpp-client": {
          "version": "0.1.9",
          "dependencies": {
            "request": {
              "version": "2.27.0",
              "dependencies": {
                "qs": {
                  "version": "0.6.6"
                },
                "json-stringify-safe": {
                  "version": "5.0.0"
                },
                "forever-agent": {
                  "version": "0.5.2"
                },
                "tunnel-agent": {
                  "version": "0.3.0"
                },
                "http-signature": {
                  "version": "0.10.0",
                  "dependencies": {
                    "assert-plus": {
                      "version": "0.1.2"
                    },
                    "asn1": {
                      "version": "0.1.11"
                    },
                    "ctype": {
                      "version": "0.5.2"
                    }
                  }
                },
                "hawk": {
                  "version": "1.0.0",
                  "dependencies": {
                    "hoek": {
                      "version": "0.9.1"
                    },
                    "boom": {
                      "version": "0.4.2"
                    },
                    "cryptiles": {
                      "version": "0.2.2"
                    },
                    "sntp": {
                      "version": "0.2.4"
                    }
                  }
                },
                "aws-sign": {
                  "version": "0.3.0"
                },
                "oauth-sign": {
                  "version": "0.3.0"
                },
                "cookie-jar": {
                  "version": "0.3.0"
                },
                "node-uuid": {
                  "version": "1.4.1"
                },
                "mime": {
                  "version": "1.2.11"
                },
                "form-data": {
                  "version": "0.1.4",
                  "dependencies": {
                    "combined-stream": {
                      "version": "0.0.7",
                      "dependencies": {
                        "delayed-stream": {
                          "version": "0.0.5"
                        }
                      }
                    },
                    "async": {
                      "version": "0.9.0"
                    }
                  }
                }
              }
            },
            "ltx": {
              "version": "0.3.4",
              "dependencies": {
                "sax": {
                  "version": "0.6.1"
                },
                "node-expat": {
                  "version": "2.1.4",
                  "dependencies": {
                    "nan": {
                      "version": "0.6.0"
                    }
                  }
                }
              }
            }
          }
        },
        "node-xmpp-server": {
          "version": "0.3.5",
          "dependencies": {
            "ltx": {
              "version": "0.3.4",
              "dependencies": {
                "sax": {
                  "version": "0.6.1"
                },
                "node-expat": {
                  "version": "2.1.4",
                  "dependencies": {
                    "nan": {
                      "version": "0.6.0"
                    }
                  }
                }
              }
            }
          }
        },
        "node-xmpp-core": {
          "version": "0.3.3",
          "dependencies": {
            "node-stringprep": {
              "version": "0.2.3",
              "dependencies": {
                "nan": {
                  "version": "0.7.1"
                },
                "bindings": {
                  "version": "1.1.1"
                }
              }
            },
            "tls-connect": {
              "version": "0.2.2"
            },
            "ltx": {
              "version": "0.3.4",
              "dependencies": {
                "sax": {
                  "version": "0.6.1"
                },
                "node-expat": {
                  "version": "2.1.4",
                  "dependencies": {
                    "nan": {
                      "version": "0.6.0"
                    }
                  }
                }
              }
            }
          }
        }
      }
    }
  }
}
